
Microsoft Visual Studio Solution File, Format Version 12.00
# Visual Studio Version 17
Project("{2150E333-8FDC-42A3-9474-1A3956D46DE8}") = "CMakePredefinedTargets", "CMakePredefinedTargets", "{DB41CD67-060E-3508-B5EB-216B98409DE2}"
EndProject
Project("{2150E333-8FDC-42A3-9474-1A3956D46DE8}") = "External", "External", "{D8635BDF-F725-39DC-A0A2-2C4ADBA42CAC}"
EndProject
Project("{2150E333-8FDC-42A3-9474-1A3956D46DE8}") = "Internal", "Internal", "{A431CD08-507F-3837-9A2B-CE0C114D5086}"
EndProject
Project("{2150E333-8FDC-42A3-9474-1A3956D46DE8}") = "Utils", "Utils", "{36B1FA8A-BBA5-3B92-BE18-0679734C28EF}"
EndProject
Project("{8BC9CEB8-8B4A-11D0-8D11-00A0C91BC942}") = "ALL_BUILD", "ALL_BUILD.vcxproj", "{2E6B5C72-C64F-3279-B915-535DBDB1802E}"
	ProjectSection(ProjectDependencies) = postProject
		{1AA72AD5-AF05-3C4B-8EE0-75E83D802B54} = {1AA72AD5-AF05-3C4B-8EE0-75E83D802B54}
		{4B819532-3612-383D-B407-91CA3B9B31CB} = {4B819532-3612-383D-B407-91CA3B9B31CB}
		{DFA8E74E-2859-3BDA-864B-99FB6F52181B} = {DFA8E74E-2859-3BDA-864B-99FB6F52181B}
		{2C692424-8825-3E3C-AD6E-AD4EC2B4D2E4} = {2C692424-8825-3E3C-AD6E-AD4EC2B4D2E4}
		{03C1ABA8-3D8D-3690-A8DF-4F8280403AE6} = {03C1ABA8-3D8D-3690-A8DF-4F8280403AE6}
		{B92B7D14-F616-3BBF-8DEA-31F21A14762D} = {B92B7D14-F616-3BBF-8DEA-31F21A14762D}
		{192BE9CE-B1FA-3FC3-BD1B-4DDA3C2E5825} = {192BE9CE-B1FA-3FC3-BD1B-4DDA3C2E5825}
		{619682D2-42F6-3A6B-B942-A58BC161CF99} = {619682D2-42F6-3A6B-B942-A58BC161CF99}
		{988B498B-79D5-3356-A476-7210C3505391} = {988B498B-79D5-3356-A476-7210C3505391}
		{6E44D213-4C85-357A-B406-7D25FF580076} = {6E44D213-4C85-357A-B406-7D25FF580076}
		{DB60E5B0-B3D9-37B7-ADB6-81545232DCFB} = {DB60E5B0-B3D9-37B7-ADB6-81545232DCFB}
		{7365ADD1-E3B1-3339-BA08-86D04D38264B} = {7365ADD1-E3B1-3339-BA08-86D04D38264B}
		{4288DB1F-B325-3E16-AB61-FB998F35BAA0} = {4288DB1F-B325-3E16-AB61-FB998F35BAA0}
		{6F9052C2-679F-3337-877F-7723DCE69AC3} = {6F9052C2-679F-3337-877F-7723DCE69AC3}
		{E54CE9B9-A109-3C11-AF15-C249D42E2A86} = {E54CE9B9-A109-3C11-AF15-C249D42E2A86}
	EndProjectSection
EndProject
Project("{8BC9CEB8-8B4A-11D0-8D11-00A0C91BC942}") = "SYNC_RESOURCE-games1", "SYNC_RESOURCE-games1.vcxproj", "{1AA72AD5-AF05-3C4B-8EE0-75E83D802B54}"
	ProjectSection(ProjectDependencies) = postProject
		{4B819532-3612-383D-B407-91CA3B9B31CB} = {4B819532-3612-383D-B407-91CA3B9B31CB}
	EndProjectSection
EndProject
Project("{8BC9CEB8-8B4A-11D0-8D11-00A0C91BC942}") = "ZERO_CHECK", "ZERO_CHECK.vcxproj", "{4B819532-3612-383D-B407-91CA3B9B31CB}"
	ProjectSection(ProjectDependencies) = postProject
	EndProjectSection
EndProject
Project("{8BC9CEB8-8B4A-11D0-8D11-00A0C91BC942}") = "cocos2d", "engine\cocos\core\cocos2d.vcxproj", "{DFA8E74E-2859-3BDA-864B-99FB6F52181B}"
	ProjectSection(ProjectDependencies) = postProject
		{4B819532-3612-383D-B407-91CA3B9B31CB} = {4B819532-3612-383D-B407-91CA3B9B31CB}
		{2C692424-8825-3E3C-AD6E-AD4EC2B4D2E4} = {2C692424-8825-3E3C-AD6E-AD4EC2B4D2E4}
		{03C1ABA8-3D8D-3690-A8DF-4F8280403AE6} = {03C1ABA8-3D8D-3690-A8DF-4F8280403AE6}
		{B92B7D14-F616-3BBF-8DEA-31F21A14762D} = {B92B7D14-F616-3BBF-8DEA-31F21A14762D}
		{192BE9CE-B1FA-3FC3-BD1B-4DDA3C2E5825} = {192BE9CE-B1FA-3FC3-BD1B-4DDA3C2E5825}
		{619682D2-42F6-3A6B-B942-A58BC161CF99} = {619682D2-42F6-3A6B-B942-A58BC161CF99}
		{988B498B-79D5-3356-A476-7210C3505391} = {988B498B-79D5-3356-A476-7210C3505391}
		{6E44D213-4C85-357A-B406-7D25FF580076} = {6E44D213-4C85-357A-B406-7D25FF580076}
		{DB60E5B0-B3D9-37B7-ADB6-81545232DCFB} = {DB60E5B0-B3D9-37B7-ADB6-81545232DCFB}
		{7365ADD1-E3B1-3339-BA08-86D04D38264B} = {7365ADD1-E3B1-3339-BA08-86D04D38264B}
		{4288DB1F-B325-3E16-AB61-FB998F35BAA0} = {4288DB1F-B325-3E16-AB61-FB998F35BAA0}
		{6F9052C2-679F-3337-877F-7723DCE69AC3} = {6F9052C2-679F-3337-877F-7723DCE69AC3}
	EndProjectSection
EndProject
Project("{8BC9CEB8-8B4A-11D0-8D11-00A0C91BC942}") = "ext_clipper", "engine\external\clipper\ext_clipper.vcxproj", "{2C692424-8825-3E3C-AD6E-AD4EC2B4D2E4}"
	ProjectSection(ProjectDependencies) = postProject
		{4B819532-3612-383D-B407-91CA3B9B31CB} = {4B819532-3612-383D-B407-91CA3B9B31CB}
	EndProjectSection
EndProject
Project("{8BC9CEB8-8B4A-11D0-8D11-00A0C91BC942}") = "ext_convertUTF", "engine\external\ConvertUTF\ext_convertUTF.vcxproj", "{03C1ABA8-3D8D-3690-A8DF-4F8280403AE6}"
	ProjectSection(ProjectDependencies) = postProject
		{4B819532-3612-383D-B407-91CA3B9B31CB} = {4B819532-3612-383D-B407-91CA3B9B31CB}
	EndProjectSection
EndProject
Project("{8BC9CEB8-8B4A-11D0-8D11-00A0C91BC942}") = "ext_edtaa3func", "engine\external\edtaa3func\ext_edtaa3func.vcxproj", "{B92B7D14-F616-3BBF-8DEA-31F21A14762D}"
	ProjectSection(ProjectDependencies) = postProject
		{4B819532-3612-383D-B407-91CA3B9B31CB} = {4B819532-3612-383D-B407-91CA3B9B31CB}
	EndProjectSection
EndProject
Project("{8BC9CEB8-8B4A-11D0-8D11-00A0C91BC942}") = "ext_md5", "engine\external\md5\ext_md5.vcxproj", "{192BE9CE-B1FA-3FC3-BD1B-4DDA3C2E5825}"
	ProjectSection(ProjectDependencies) = postProject
		{4B819532-3612-383D-B407-91CA3B9B31CB} = {4B819532-3612-383D-B407-91CA3B9B31CB}
	EndProjectSection
EndProject
Project("{8BC9CEB8-8B4A-11D0-8D11-00A0C91BC942}") = "ext_poly2tri", "engine\external\poly2tri\ext_poly2tri.vcxproj", "{619682D2-42F6-3A6B-B942-A58BC161CF99}"
	ProjectSection(ProjectDependencies) = postProject
		{4B819532-3612-383D-B407-91CA3B9B31CB} = {4B819532-3612-383D-B407-91CA3B9B31CB}
	EndProjectSection
EndProject
Project("{8BC9CEB8-8B4A-11D0-8D11-00A0C91BC942}") = "ext_recast", "engine\external\recast\ext_recast.vcxproj", "{988B498B-79D5-3356-A476-7210C3505391}"
	ProjectSection(ProjectDependencies) = postProject
		{4B819532-3612-383D-B407-91CA3B9B31CB} = {4B819532-3612-383D-B407-91CA3B9B31CB}
	EndProjectSection
EndProject
Project("{8BC9CEB8-8B4A-11D0-8D11-00A0C91BC942}") = "ext_tinyxml2", "engine\external\tinyxml2\ext_tinyxml2.vcxproj", "{6E44D213-4C85-357A-B406-7D25FF580076}"
	ProjectSection(ProjectDependencies) = postProject
		{4B819532-3612-383D-B407-91CA3B9B31CB} = {4B819532-3612-383D-B407-91CA3B9B31CB}
	EndProjectSection
EndProject
Project("{8BC9CEB8-8B4A-11D0-8D11-00A0C91BC942}") = "ext_unzip", "engine\external\unzip\ext_unzip.vcxproj", "{DB60E5B0-B3D9-37B7-ADB6-81545232DCFB}"
	ProjectSection(ProjectDependencies) = postProject
		{4B819532-3612-383D-B407-91CA3B9B31CB} = {4B819532-3612-383D-B407-91CA3B9B31CB}
	EndProjectSection
EndProject
Project("{8BC9CEB8-8B4A-11D0-8D11-00A0C91BC942}") = "ext_xxhash", "engine\external\xxhash\ext_xxhash.vcxproj", "{7365ADD1-E3B1-3339-BA08-86D04D38264B}"
	ProjectSection(ProjectDependencies) = postProject
		{4B819532-3612-383D-B407-91CA3B9B31CB} = {4B819532-3612-383D-B407-91CA3B9B31CB}
	EndProjectSection
EndProject
Project("{8BC9CEB8-8B4A-11D0-8D11-00A0C91BC942}") = "ext_xxtea", "engine\external\xxtea\ext_xxtea.vcxproj", "{4288DB1F-B325-3E16-AB61-FB998F35BAA0}"
	ProjectSection(ProjectDependencies) = postProject
		{4B819532-3612-383D-B407-91CA3B9B31CB} = {4B819532-3612-383D-B407-91CA3B9B31CB}
	EndProjectSection
EndProject
Project("{8BC9CEB8-8B4A-11D0-8D11-00A0C91BC942}") = "external", "engine\external\external.vcxproj", "{6F9052C2-679F-3337-877F-7723DCE69AC3}"
	ProjectSection(ProjectDependencies) = postProject
		{4B819532-3612-383D-B407-91CA3B9B31CB} = {4B819532-3612-383D-B407-91CA3B9B31CB}
		{2C692424-8825-3E3C-AD6E-AD4EC2B4D2E4} = {2C692424-8825-3E3C-AD6E-AD4EC2B4D2E4}
		{03C1ABA8-3D8D-3690-A8DF-4F8280403AE6} = {03C1ABA8-3D8D-3690-A8DF-4F8280403AE6}
		{B92B7D14-F616-3BBF-8DEA-31F21A14762D} = {B92B7D14-F616-3BBF-8DEA-31F21A14762D}
		{192BE9CE-B1FA-3FC3-BD1B-4DDA3C2E5825} = {192BE9CE-B1FA-3FC3-BD1B-4DDA3C2E5825}
		{619682D2-42F6-3A6B-B942-A58BC161CF99} = {619682D2-42F6-3A6B-B942-A58BC161CF99}
		{988B498B-79D5-3356-A476-7210C3505391} = {988B498B-79D5-3356-A476-7210C3505391}
		{6E44D213-4C85-357A-B406-7D25FF580076} = {6E44D213-4C85-357A-B406-7D25FF580076}
		{DB60E5B0-B3D9-37B7-ADB6-81545232DCFB} = {DB60E5B0-B3D9-37B7-ADB6-81545232DCFB}
		{7365ADD1-E3B1-3339-BA08-86D04D38264B} = {7365ADD1-E3B1-3339-BA08-86D04D38264B}
		{4288DB1F-B325-3E16-AB61-FB998F35BAA0} = {4288DB1F-B325-3E16-AB61-FB998F35BAA0}
	EndProjectSection
EndProject
Project("{8BC9CEB8-8B4A-11D0-8D11-00A0C91BC942}") = "games1", "games1.vcxproj", "{E54CE9B9-A109-3C11-AF15-C249D42E2A86}"
	ProjectSection(ProjectDependencies) = postProject
		{1AA72AD5-AF05-3C4B-8EE0-75E83D802B54} = {1AA72AD5-AF05-3C4B-8EE0-75E83D802B54}
		{4B819532-3612-383D-B407-91CA3B9B31CB} = {4B819532-3612-383D-B407-91CA3B9B31CB}
		{DFA8E74E-2859-3BDA-864B-99FB6F52181B} = {DFA8E74E-2859-3BDA-864B-99FB6F52181B}
		{2C692424-8825-3E3C-AD6E-AD4EC2B4D2E4} = {2C692424-8825-3E3C-AD6E-AD4EC2B4D2E4}
		{03C1ABA8-3D8D-3690-A8DF-4F8280403AE6} = {03C1ABA8-3D8D-3690-A8DF-4F8280403AE6}
		{B92B7D14-F616-3BBF-8DEA-31F21A14762D} = {B92B7D14-F616-3BBF-8DEA-31F21A14762D}
		{192BE9CE-B1FA-3FC3-BD1B-4DDA3C2E5825} = {192BE9CE-B1FA-3FC3-BD1B-4DDA3C2E5825}
		{619682D2-42F6-3A6B-B942-A58BC161CF99} = {619682D2-42F6-3A6B-B942-A58BC161CF99}
		{988B498B-79D5-3356-A476-7210C3505391} = {988B498B-79D5-3356-A476-7210C3505391}
		{6E44D213-4C85-357A-B406-7D25FF580076} = {6E44D213-4C85-357A-B406-7D25FF580076}
		{DB60E5B0-B3D9-37B7-ADB6-81545232DCFB} = {DB60E5B0-B3D9-37B7-ADB6-81545232DCFB}
		{7365ADD1-E3B1-3339-BA08-86D04D38264B} = {7365ADD1-E3B1-3339-BA08-86D04D38264B}
		{4288DB1F-B325-3E16-AB61-FB998F35BAA0} = {4288DB1F-B325-3E16-AB61-FB998F35BAA0}
		{6F9052C2-679F-3337-877F-7723DCE69AC3} = {6F9052C2-679F-3337-877F-7723DCE69AC3}
	EndProjectSection
EndProject
Global
	GlobalSection(SolutionConfigurationPlatforms) = preSolution
		Debug|win32 = Debug|win32
		Release|win32 = Release|win32
		MinSizeRel|win32 = MinSizeRel|win32
		RelWithDebInfo|win32 = RelWithDebInfo|win32
	EndGlobalSection
	GlobalSection(ProjectConfigurationPlatforms) = postSolution
		{2E6B5C72-C64F-3279-B915-535DBDB1802E}.Debug|win32.ActiveCfg = Debug|win32
		{2E6B5C72-C64F-3279-B915-535DBDB1802E}.Release|win32.ActiveCfg = Release|win32
		{2E6B5C72-C64F-3279-B915-535DBDB1802E}.MinSizeRel|win32.ActiveCfg = MinSizeRel|win32
		{2E6B5C72-C64F-3279-B915-535DBDB1802E}.RelWithDebInfo|win32.ActiveCfg = RelWithDebInfo|win32
		{1AA72AD5-AF05-3C4B-8EE0-75E83D802B54}.Debug|win32.ActiveCfg = Debug|win32
		{1AA72AD5-AF05-3C4B-8EE0-75E83D802B54}.Debug|win32.Build.0 = Debug|win32
		{1AA72AD5-AF05-3C4B-8EE0-75E83D802B54}.Release|win32.ActiveCfg = Release|win32
		{1AA72AD5-AF05-3C4B-8EE0-75E83D802B54}.Release|win32.Build.0 = Release|win32
		{1AA72AD5-AF05-3C4B-8EE0-75E83D802B54}.MinSizeRel|win32.ActiveCfg = MinSizeRel|win32
		{1AA72AD5-AF05-3C4B-8EE0-75E83D802B54}.MinSizeRel|win32.Build.0 = MinSizeRel|win32
		{1AA72AD5-AF05-3C4B-8EE0-75E83D802B54}.RelWithDebInfo|win32.ActiveCfg = RelWithDebInfo|win32
		{1AA72AD5-AF05-3C4B-8EE0-75E83D802B54}.RelWithDebInfo|win32.Build.0 = RelWithDebInfo|win32
		{4B819532-3612-383D-B407-91CA3B9B31CB}.Debug|win32.ActiveCfg = Debug|win32
		{4B819532-3612-383D-B407-91CA3B9B31CB}.Debug|win32.Build.0 = Debug|win32
		{4B819532-3612-383D-B407-91CA3B9B31CB}.Release|win32.ActiveCfg = Release|win32
		{4B819532-3612-383D-B407-91CA3B9B31CB}.Release|win32.Build.0 = Release|win32
		{4B819532-3612-383D-B407-91CA3B9B31CB}.MinSizeRel|win32.ActiveCfg = MinSizeRel|win32
		{4B819532-3612-383D-B407-91CA3B9B31CB}.MinSizeRel|win32.Build.0 = MinSizeRel|win32
		{4B819532-3612-383D-B407-91CA3B9B31CB}.RelWithDebInfo|win32.ActiveCfg = RelWithDebInfo|win32
		{4B819532-3612-383D-B407-91CA3B9B31CB}.RelWithDebInfo|win32.Build.0 = RelWithDebInfo|win32
		{DFA8E74E-2859-3BDA-864B-99FB6F52181B}.Debug|win32.ActiveCfg = Debug|win32
		{DFA8E74E-2859-3BDA-864B-99FB6F52181B}.Debug|win32.Build.0 = Debug|win32
		{DFA8E74E-2859-3BDA-864B-99FB6F52181B}.Release|win32.ActiveCfg = Release|win32
		{DFA8E74E-2859-3BDA-864B-99FB6F52181B}.Release|win32.Build.0 = Release|win32
		{DFA8E74E-2859-3BDA-864B-99FB6F52181B}.MinSizeRel|win32.ActiveCfg = MinSizeRel|win32
		{DFA8E74E-2859-3BDA-864B-99FB6F52181B}.MinSizeRel|win32.Build.0 = MinSizeRel|win32
		{DFA8E74E-2859-3BDA-864B-99FB6F52181B}.RelWithDebInfo|win32.ActiveCfg = RelWithDebInfo|win32
		{DFA8E74E-2859-3BDA-864B-99FB6F52181B}.RelWithDebInfo|win32.Build.0 = RelWithDebInfo|win32
		{2C692424-8825-3E3C-AD6E-AD4EC2B4D2E4}.Debug|win32.ActiveCfg = Debug|win32
		{2C692424-8825-3E3C-AD6E-AD4EC2B4D2E4}.Debug|win32.Build.0 = Debug|win32
		{2C692424-8825-3E3C-AD6E-AD4EC2B4D2E4}.Release|win32.ActiveCfg = Release|win32
		{2C692424-8825-3E3C-AD6E-AD4EC2B4D2E4}.Release|win32.Build.0 = Release|win32
		{2C692424-8825-3E3C-AD6E-AD4EC2B4D2E4}.MinSizeRel|win32.ActiveCfg = MinSizeRel|win32
		{2C692424-8825-3E3C-AD6E-AD4EC2B4D2E4}.MinSizeRel|win32.Build.0 = MinSizeRel|win32
		{2C692424-8825-3E3C-AD6E-AD4EC2B4D2E4}.RelWithDebInfo|win32.ActiveCfg = RelWithDebInfo|win32
		{2C692424-8825-3E3C-AD6E-AD4EC2B4D2E4}.RelWithDebInfo|win32.Build.0 = RelWithDebInfo|win32
		{03C1ABA8-3D8D-3690-A8DF-4F8280403AE6}.Debug|win32.ActiveCfg = Debug|win32
		{03C1ABA8-3D8D-3690-A8DF-4F8280403AE6}.Debug|win32.Build.0 = Debug|win32
		{03C1ABA8-3D8D-3690-A8DF-4F8280403AE6}.Release|win32.ActiveCfg = Release|win32
		{03C1ABA8-3D8D-3690-A8DF-4F8280403AE6}.Release|win32.Build.0 = Release|win32
		{03C1ABA8-3D8D-3690-A8DF-4F8280403AE6}.MinSizeRel|win32.ActiveCfg = MinSizeRel|win32
		{03C1ABA8-3D8D-3690-A8DF-4F8280403AE6}.MinSizeRel|win32.Build.0 = MinSizeRel|win32
		{03C1ABA8-3D8D-3690-A8DF-4F8280403AE6}.RelWithDebInfo|win32.ActiveCfg = RelWithDebInfo|win32
		{03C1ABA8-3D8D-3690-A8DF-4F8280403AE6}.RelWithDebInfo|win32.Build.0 = RelWithDebInfo|win32
		{B92B7D14-F616-3BBF-8DEA-31F21A14762D}.Debug|win32.ActiveCfg = Debug|win32
		{B92B7D14-F616-3BBF-8DEA-31F21A14762D}.Debug|win32.Build.0 = Debug|win32
		{B92B7D14-F616-3BBF-8DEA-31F21A14762D}.Release|win32.ActiveCfg = Release|win32
		{B92B7D14-F616-3BBF-8DEA-31F21A14762D}.Release|win32.Build.0 = Release|win32
		{B92B7D14-F616-3BBF-8DEA-31F21A14762D}.MinSizeRel|win32.ActiveCfg = MinSizeRel|win32
		{B92B7D14-F616-3BBF-8DEA-31F21A14762D}.MinSizeRel|win32.Build.0 = MinSizeRel|win32
		{B92B7D14-F616-3BBF-8DEA-31F21A14762D}.RelWithDebInfo|win32.ActiveCfg = RelWithDebInfo|win32
		{B92B7D14-F616-3BBF-8DEA-31F21A14762D}.RelWithDebInfo|win32.Build.0 = RelWithDebInfo|win32
		{192BE9CE-B1FA-3FC3-BD1B-4DDA3C2E5825}.Debug|win32.ActiveCfg = Debug|win32
		{192BE9CE-B1FA-3FC3-BD1B-4DDA3C2E5825}.Debug|win32.Build.0 = Debug|win32
		{192BE9CE-B1FA-3FC3-BD1B-4DDA3C2E5825}.Release|win32.ActiveCfg = Release|win32
		{192BE9CE-B1FA-3FC3-BD1B-4DDA3C2E5825}.Release|win32.Build.0 = Release|win32
		{192BE9CE-B1FA-3FC3-BD1B-4DDA3C2E5825}.MinSizeRel|win32.ActiveCfg = MinSizeRel|win32
		{192BE9CE-B1FA-3FC3-BD1B-4DDA3C2E5825}.MinSizeRel|win32.Build.0 = MinSizeRel|win32
		{192BE9CE-B1FA-3FC3-BD1B-4DDA3C2E5825}.RelWithDebInfo|win32.ActiveCfg = RelWithDebInfo|win32
		{192BE9CE-B1FA-3FC3-BD1B-4DDA3C2E5825}.RelWithDebInfo|win32.Build.0 = RelWithDebInfo|win32
		{619682D2-42F6-3A6B-B942-A58BC161CF99}.Debug|win32.ActiveCfg = Debug|win32
		{619682D2-42F6-3A6B-B942-A58BC161CF99}.Debug|win32.Build.0 = Debug|win32
		{619682D2-42F6-3A6B-B942-A58BC161CF99}.Release|win32.ActiveCfg = Release|win32
		{619682D2-42F6-3A6B-B942-A58BC161CF99}.Release|win32.Build.0 = Release|win32
		{619682D2-42F6-3A6B-B942-A58BC161CF99}.MinSizeRel|win32.ActiveCfg = MinSizeRel|win32
		{619682D2-42F6-3A6B-B942-A58BC161CF99}.MinSizeRel|win32.Build.0 = MinSizeRel|win32
		{619682D2-42F6-3A6B-B942-A58BC161CF99}.RelWithDebInfo|win32.ActiveCfg = RelWithDebInfo|win32
		{619682D2-42F6-3A6B-B942-A58BC161CF99}.RelWithDebInfo|win32.Build.0 = RelWithDebInfo|win32
		{988B498B-79D5-3356-A476-7210C3505391}.Debug|win32.ActiveCfg = Debug|win32
		{988B498B-79D5-3356-A476-7210C3505391}.Debug|win32.Build.0 = Debug|win32
		{988B498B-79D5-3356-A476-7210C3505391}.Release|win32.ActiveCfg = Release|win32
		{988B498B-79D5-3356-A476-7210C3505391}.Release|win32.Build.0 = Release|win32
		{988B498B-79D5-3356-A476-7210C3505391}.MinSizeRel|win32.ActiveCfg = MinSizeRel|win32
		{988B498B-79D5-3356-A476-7210C3505391}.MinSizeRel|win32.Build.0 = MinSizeRel|win32
		{988B498B-79D5-3356-A476-7210C3505391}.RelWithDebInfo|win32.ActiveCfg = RelWithDebInfo|win32
		{988B498B-79D5-3356-A476-7210C3505391}.RelWithDebInfo|win32.Build.0 = RelWithDebInfo|win32
		{6E44D213-4C85-357A-B406-7D25FF580076}.Debug|win32.ActiveCfg = Debug|win32
		{6E44D213-4C85-357A-B406-7D25FF580076}.Debug|win32.Build.0 = Debug|win32
		{6E44D213-4C85-357A-B406-7D25FF580076}.Release|win32.ActiveCfg = Release|win32
		{6E44D213-4C85-357A-B406-7D25FF580076}.Release|win32.Build.0 = Release|win32
		{6E44D213-4C85-357A-B406-7D25FF580076}.MinSizeRel|win32.ActiveCfg = MinSizeRel|win32
		{6E44D213-4C85-357A-B406-7D25FF580076}.MinSizeRel|win32.Build.0 = MinSizeRel|win32
		{6E44D213-4C85-357A-B406-7D25FF580076}.RelWithDebInfo|win32.ActiveCfg = RelWithDebInfo|win32
		{6E44D213-4C85-357A-B406-7D25FF580076}.RelWithDebInfo|win32.Build.0 = RelWithDebInfo|win32
		{DB60E5B0-B3D9-37B7-ADB6-81545232DCFB}.Debug|win32.ActiveCfg = Debug|win32
		{DB60E5B0-B3D9-37B7-ADB6-81545232DCFB}.Debug|win32.Build.0 = Debug|win32
		{DB60E5B0-B3D9-37B7-ADB6-81545232DCFB}.Release|win32.ActiveCfg = Release|win32
		{DB60E5B0-B3D9-37B7-ADB6-81545232DCFB}.Release|win32.Build.0 = Release|win32
		{DB60E5B0-B3D9-37B7-ADB6-81545232DCFB}.MinSizeRel|win32.ActiveCfg = MinSizeRel|win32
		{DB60E5B0-B3D9-37B7-ADB6-81545232DCFB}.MinSizeRel|win32.Build.0 = MinSizeRel|win32
		{DB60E5B0-B3D9-37B7-ADB6-81545232DCFB}.RelWithDebInfo|win32.ActiveCfg = RelWithDebInfo|win32
		{DB60E5B0-B3D9-37B7-ADB6-81545232DCFB}.RelWithDebInfo|win32.Build.0 = RelWithDebInfo|win32
		{7365ADD1-E3B1-3339-BA08-86D04D38264B}.Debug|win32.ActiveCfg = Debug|win32
		{7365ADD1-E3B1-3339-BA08-86D04D38264B}.Debug|win32.Build.0 = Debug|win32
		{7365ADD1-E3B1-3339-BA08-86D04D38264B}.Release|win32.ActiveCfg = Release|win32
		{7365ADD1-E3B1-3339-BA08-86D04D38264B}.Release|win32.Build.0 = Release|win32
		{7365ADD1-E3B1-3339-BA08-86D04D38264B}.MinSizeRel|win32.ActiveCfg = MinSizeRel|win32
		{7365ADD1-E3B1-3339-BA08-86D04D38264B}.MinSizeRel|win32.Build.0 = MinSizeRel|win32
		{7365ADD1-E3B1-3339-BA08-86D04D38264B}.RelWithDebInfo|win32.ActiveCfg = RelWithDebInfo|win32
		{7365ADD1-E3B1-3339-BA08-86D04D38264B}.RelWithDebInfo|win32.Build.0 = RelWithDebInfo|win32
		{4288DB1F-B325-3E16-AB61-FB998F35BAA0}.Debug|win32.ActiveCfg = Debug|win32
		{4288DB1F-B325-3E16-AB61-FB998F35BAA0}.Debug|win32.Build.0 = Debug|win32
		{4288DB1F-B325-3E16-AB61-FB998F35BAA0}.Release|win32.ActiveCfg = Release|win32
		{4288DB1F-B325-3E16-AB61-FB998F35BAA0}.Release|win32.Build.0 = Release|win32
		{4288DB1F-B325-3E16-AB61-FB998F35BAA0}.MinSizeRel|win32.ActiveCfg = MinSizeRel|win32
		{4288DB1F-B325-3E16-AB61-FB998F35BAA0}.MinSizeRel|win32.Build.0 = MinSizeRel|win32
		{4288DB1F-B325-3E16-AB61-FB998F35BAA0}.RelWithDebInfo|win32.ActiveCfg = RelWithDebInfo|win32
		{4288DB1F-B325-3E16-AB61-FB998F35BAA0}.RelWithDebInfo|win32.Build.0 = RelWithDebInfo|win32
		{6F9052C2-679F-3337-877F-7723DCE69AC3}.Debug|win32.ActiveCfg = Debug|win32
		{6F9052C2-679F-3337-877F-7723DCE69AC3}.Debug|win32.Build.0 = Debug|win32
		{6F9052C2-679F-3337-877F-7723DCE69AC3}.Release|win32.ActiveCfg = Release|win32
		{6F9052C2-679F-3337-877F-7723DCE69AC3}.Release|win32.Build.0 = Release|win32
		{6F9052C2-679F-3337-877F-7723DCE69AC3}.MinSizeRel|win32.ActiveCfg = MinSizeRel|win32
		{6F9052C2-679F-3337-877F-7723DCE69AC3}.MinSizeRel|win32.Build.0 = MinSizeRel|win32
		{6F9052C2-679F-3337-877F-7723DCE69AC3}.RelWithDebInfo|win32.ActiveCfg = RelWithDebInfo|win32
		{6F9052C2-679F-3337-877F-7723DCE69AC3}.RelWithDebInfo|win32.Build.0 = RelWithDebInfo|win32
		{E54CE9B9-A109-3C11-AF15-C249D42E2A86}.Debug|win32.ActiveCfg = Debug|win32
		{E54CE9B9-A109-3C11-AF15-C249D42E2A86}.Debug|win32.Build.0 = Debug|win32
		{E54CE9B9-A109-3C11-AF15-C249D42E2A86}.Release|win32.ActiveCfg = Release|win32
		{E54CE9B9-A109-3C11-AF15-C249D42E2A86}.Release|win32.Build.0 = Release|win32
		{E54CE9B9-A109-3C11-AF15-C249D42E2A86}.MinSizeRel|win32.ActiveCfg = MinSizeRel|win32
		{E54CE9B9-A109-3C11-AF15-C249D42E2A86}.MinSizeRel|win32.Build.0 = MinSizeRel|win32
		{E54CE9B9-A109-3C11-AF15-C249D42E2A86}.RelWithDebInfo|win32.ActiveCfg = RelWithDebInfo|win32
		{E54CE9B9-A109-3C11-AF15-C249D42E2A86}.RelWithDebInfo|win32.Build.0 = RelWithDebInfo|win32
	EndGlobalSection
	GlobalSection(NestedProjects) = preSolution
		{2E6B5C72-C64F-3279-B915-535DBDB1802E} = {DB41CD67-060E-3508-B5EB-216B98409DE2}
		{4B819532-3612-383D-B407-91CA3B9B31CB} = {DB41CD67-060E-3508-B5EB-216B98409DE2}
		{2C692424-8825-3E3C-AD6E-AD4EC2B4D2E4} = {D8635BDF-F725-39DC-A0A2-2C4ADBA42CAC}
		{03C1ABA8-3D8D-3690-A8DF-4F8280403AE6} = {D8635BDF-F725-39DC-A0A2-2C4ADBA42CAC}
		{B92B7D14-F616-3BBF-8DEA-31F21A14762D} = {D8635BDF-F725-39DC-A0A2-2C4ADBA42CAC}
		{192BE9CE-B1FA-3FC3-BD1B-4DDA3C2E5825} = {D8635BDF-F725-39DC-A0A2-2C4ADBA42CAC}
		{619682D2-42F6-3A6B-B942-A58BC161CF99} = {D8635BDF-F725-39DC-A0A2-2C4ADBA42CAC}
		{988B498B-79D5-3356-A476-7210C3505391} = {D8635BDF-F725-39DC-A0A2-2C4ADBA42CAC}
		{6E44D213-4C85-357A-B406-7D25FF580076} = {D8635BDF-F725-39DC-A0A2-2C4ADBA42CAC}
		{DB60E5B0-B3D9-37B7-ADB6-81545232DCFB} = {D8635BDF-F725-39DC-A0A2-2C4ADBA42CAC}
		{7365ADD1-E3B1-3339-BA08-86D04D38264B} = {D8635BDF-F725-39DC-A0A2-2C4ADBA42CAC}
		{4288DB1F-B325-3E16-AB61-FB998F35BAA0} = {D8635BDF-F725-39DC-A0A2-2C4ADBA42CAC}
		{6F9052C2-679F-3337-877F-7723DCE69AC3} = {D8635BDF-F725-39DC-A0A2-2C4ADBA42CAC}
		{DFA8E74E-2859-3BDA-864B-99FB6F52181B} = {A431CD08-507F-3837-9A2B-CE0C114D5086}
		{1AA72AD5-AF05-3C4B-8EE0-75E83D802B54} = {36B1FA8A-BBA5-3B92-BE18-0679734C28EF}
	EndGlobalSection
	GlobalSection(ExtensibilityGlobals) = postSolution
		SolutionGuid = {45B7E8F4-8A8F-32B1-901C-82B722039E6B}
	EndGlobalSection
	GlobalSection(ExtensibilityAddIns) = postSolution
	EndGlobalSection
EndGlobal
